
Microsoft Visual Studio Solution File, Format Version 12.00
# Visual Studio Version 16
VisualStudioVersion = 16.0.31005.135
MinimumVisualStudioVersion = 10.0.40219.1
Project("{FAE04EC0-301F-11D3-BF4B-00C04F79EFBC}") = "DurakGame", "DurakGame.csproj", "{28D6E9BE-8FB1-44F0-8FEF-4FF8D457401A}"
EndProject
Project("{FAE04EC0-301F-11D3-BF4B-00C04F79EFBC}") = "DurakApp", "DurakApp\DurakApp.csproj", "{2B1B6783-5DD8-49CE-BFF5-561DB5B9461C}"
EndProject
Project("{FAE04EC0-301F-11D3-BF4B-00C04F79EFBC}") = "CardBox", "CardBox\CardBox.csproj", "{D057CC8A-1D24-4346-86F0-ED275A3B35BE}"
EndProject
Global
	GlobalSection(SolutionConfigurationPlatforms) = preSolution
		Debug|Any CPU = Debug|Any CPU
		Release|Any CPU = Release|Any CPU
	EndGlobalSection
	GlobalSection(ProjectConfigurationPlatforms) = postSolution
		{28D6E9BE-8FB1-44F0-8FEF-4FF8D457401A}.Debug|Any CPU.ActiveCfg = Debug|Any CPU
		{28D6E9BE-8FB1-44F0-8FEF-4FF8D457401A}.Debug|Any CPU.Build.0 = Debug|Any CPU
		{28D6E9BE-8FB1-44F0-8FEF-4FF8D457401A}.Release|Any CPU.ActiveCfg = Release|Any CPU
		{28D6E9BE-8FB1-44F0-8FEF-4FF8D457401A}.Release|Any CPU.Build.0 = Release|Any CPU
		{2B1B6783-5DD8-49CE-BFF5-561DB5B9461C}.Debug|Any CPU.ActiveCfg = Debug|Any CPU
		{2B1B6783-5DD8-49CE-BFF5-561DB5B9461C}.Debug|Any CPU.Build.0 = Debug|Any CPU
		{2B1B6783-5DD8-49CE-BFF5-561DB5B9461C}.Release|Any CPU.ActiveCfg = Release|Any CPU
		{2B1B6783-5DD8-49CE-BFF5-561DB5B9461C}.Release|Any CPU.Build.0 = Release|Any CPU
		{D057CC8A-1D24-4346-86F0-ED275A3B35BE}.Debug|Any CPU.ActiveCfg = Debug|Any CPU
		{D057CC8A-1D24-4346-86F0-ED275A3B35BE}.Debug|Any CPU.Build.0 = Debug|Any CPU
		{D057CC8A-1D24-4346-86F0-ED275A3B35BE}.Release|Any CPU.ActiveCfg = Release|Any CPU
		{D057CC8A-1D24-4346-86F0-ED275A3B35BE}.Release|Any CPU.Build.0 = Release|Any CPU
	EndGlobalSection
	GlobalSection(SolutionProperties) = preSolution
		HideSolutionNode = FALSE
	EndGlobalSection
	GlobalSection(ExtensibilityGlobals) = postSolution
		SolutionGuid = {59582FD5-459D-4305-9BC0-77A0167A059D}
	EndGlobalSection
EndGlobal
